// !$*UTF8*$!
{
	archiveVersion = 1;
	classes = {
	};
	objectVersion = 46;
	objects = {

/* Begin PBXBuildFile section */
		8A79091C1CB8BD5600E4CBC8 /* AppDelegate.swift in Sources */ = {isa = PBXBuildFile; fileRef = 8A79091B1CB8BD5600E4CBC8 /* AppDelegate.swift */; };
		8A79091E1CB8BD5600E4CBC8 /* ViewController.swift in Sources */ = {isa = PBXBuildFile; fileRef = 8A79091D1CB8BD5600E4CBC8 /* ViewController.swift */; };
		8A7909211CB8BD5600E4CBC8 /* Main.storyboard in Resources */ = {isa = PBXBuildFile; fileRef = 8A79091F1CB8BD5600E4CBC8 /* Main.storyboard */; };
		8A7909231CB8BD5600E4CBC8 /* Assets.xcassets in Resources */ = {isa = PBXBuildFile; fileRef = 8A7909221CB8BD5600E4CBC8 /* Assets.xcassets */; };
		8A7909261CB8BD5600E4CBC8 /* LaunchScreen.storyboard in Resources */ = {isa = PBXBuildFile; fileRef = 8A7909241CB8BD5600E4CBC8 /* LaunchScreen.storyboard */; };
		8A7909311CB8BD5600E4CBC8 /* Super_CoolTests.swift in Sources */ = {isa = PBXBuildFile; fileRef = 8A7909301CB8BD5600E4CBC8 /* Super_CoolTests.swift */; };
		8A79093C1CB8BD5600E4CBC8 /* Super_CoolUITests.swift in Sources */ = {isa = PBXBuildFile; fileRef = 8A79093B1CB8BD5600E4CBC8 /* Super_CoolUITests.swift */; };
/* End PBXBuildFile section */

/* Begin PBXContainerItemProxy section */
		8A79092D1CB8BD5600E4CBC8 /* PBXContainerItemProxy */ = {
			isa = PBXContainerItemProxy;
			containerPortal = 8A7909101CB8BD5600E4CBC8 /* Project object */;
			proxyType = 1;
			remoteGlobalIDString = 8A7909171CB8BD5600E4CBC8;
			remoteInfo = "Super Cool";
		};
		8A7909381CB8BD5600E4CBC8 /* PBXContainerItemProxy */ = {
			isa = PBXContainerItemProxy;
			containerPortal = 8A7909101CB8BD5600E4CBC8 /* Project object */;
			proxyType = 1;
			remoteGlobalIDString = 8A7909171CB8BD5600E4CBC8;
			remoteInfo = "Super Cool";
		};
/* End PBXContainerItemProxy section */

/* Begin PBXFileReference section */
		8A7909181CB8BD5600E4CBC8 /* Super Cool.app */ = {isa = PBXFileReference; explicitFileType = wrapper.application; includeInIndex = 0; path = "Super Cool.app"; sourceTree = BUILT_PRODUCTS_DIR; };
		8A79091B1CB8BD5600E4CBC8 /* AppDelegate.swift */ = {isa = PBXFileReference; lastKnownFileType = sourcecode.swift; path = AppDelegate.swift; sourceTree = "<group>"; };
		8A79091D1CB8BD5600E4CBC8 /* ViewController.swift */ = {isa = PBXFileReference; lastKnownFileType = sourcecode.swift; path = ViewController.swift; sourceTree = "<group>"; };
		8A7909201CB8BD5600E4CBC8 /* Base */ = {isa = PBXFileReference; lastKnownFileType = file.storyboard; name = Base; path = Base.lproj/Main.storyboard; sourceTree = "<group>"; };
		8A7909221CB8BD5600E4CBC8 /* Assets.xcassets */ = {isa = PBXFileReference; lastKnownFileType = folder.assetcatalog; path = Assets.xcassets; sourceTree = "<group>"; };
		8A7909251CB8BD5600E4CBC8 /* Base */ = {isa = PBXFileReference; lastKnownFileType = file.storyboard; name = Base; path = Base.lproj/LaunchScreen.storyboard; sourceTree = "<group>"; };
		8A7909271CB8BD5600E4CBC8 /* Info.plist */ = {isa = PBXFileReference; lastKnownFileType = text.plist.xml; path = Info.plist; sourceTree = "<group>"; };
		8A79092C1CB8BD5600E4CBC8 /* Super CoolTests.xctest */ = {isa = PBXFileReference; explicitFileType = wrapper.cfbundle; includeInIndex = 0; path = "Super CoolTests.xctest"; sourceTree = BUILT_PRODUCTS_DIR; };
		8A7909301CB8BD5600E4CBC8 /* Super_CoolTests.swift */ = {isa = PBXFileReference; lastKnownFileType = sourcecode.swift; path = Super_CoolTests.swift; sourceTree = "<group>"; };
		8A7909321CB8BD5600E4CBC8 /* Info.plist */ = {isa = PBXFileReference; lastKnownFileType = text.plist.xml; path = Info.plist; sourceTree = "<group>"; };
		8A7909371CB8BD5600E4CBC8 /* Super CoolUITests.xctest */ = {isa = PBXFileReference; explicitFileType = wrapper.cfbundle; includeInIndex = 0; path = "Super CoolUITests.xctest"; sourceTree = BUILT_PRODUCTS_DIR; };
		8A79093B1CB8BD5600E4CBC8 /* Super_CoolUITests.swift */ = {isa = PBXFileReference; lastKnownFileType = sourcecode.swift; path = Super_CoolUITests.swift; sourceTree = "<group>"; };
		8A79093D1CB8BD5600E4CBC8 /* Info.plist */ = {isa = PBXFileReference; lastKnownFileType = text.plist.xml; path = Info.plist; sourceTree = "<group>"; };
/* End PBXFileReference section */

/* Begin PBXFrameworksBuildPhase section */
		8A7909151CB8BD5600E4CBC8 /* Frameworks */ = {
			isa = PBXFrameworksBuildPhase;
			buildActionMask = 2147483647;
			files = (
			);
			runOnlyForDeploymentPostprocessing = 0;
		};
		8A7909291CB8BD5600E4CBC8 /* Frameworks */ = {
			isa = PBXFrameworksBuildPhase;
			buildActionMask = 2147483647;
			files = (
			);
			runOnlyForDeploymentPostprocessing = 0;
		};
		8A7909341CB8BD5600E4CBC8 /* Frameworks */ = {
			isa = PBXFrameworksBuildPhase;
			buildActionMask = 2147483647;
			files = (
			);
			runOnlyForDeploymentPostprocessing = 0;
		};
/* End PBXFrameworksBuildPhase section */

/* Begin PBXGroup section */
		8A79090F1CB8BD5600E4CBC8 = {
			isa = PBXGroup;
			children = (
				8A79091A1CB8BD5600E4CBC8 /* Super Cool */,
				8A79092F1CB8BD5600E4CBC8 /* Super CoolTests */,
				8A79093A1CB8BD5600E4CBC8 /* Super CoolUITests */,
				8A7909191CB8BD5600E4CBC8 /* Products */,
			);
			sourceTree = "<group>";
		};
		8A7909191CB8BD5600E4CBC8 /* Products */ = {
			isa = PBXGroup;
			children = (
				8A7909181CB8BD5600E4CBC8 /* Super Cool.app */,
				8A79092C1CB8BD5600E4CBC8 /* Super CoolTests.xctest */,
				8A7909371CB8BD5600E4CBC8 /* Super CoolUITests.xctest */,
			);
			name = Products;
			sourceTree = "<group>";
		};
		8A79091A1CB8BD5600E4CBC8 /* Super Cool */ = {
			isa = PBXGroup;
			children = (
				8A79091B1CB8BD5600E4CBC8 /* AppDelegate.swift */,
				8A79091D1CB8BD5600E4CBC8 /* ViewController.swift */,
				8A79091F1CB8BD5600E4CBC8 /* Main.storyboard */,
				8A7909221CB8BD5600E4CBC8 /* Assets.xcassets */,
				8A7909241CB8BD5600E4CBC8 /* LaunchScreen.storyboard */,
				8A7909271CB8BD5600E4CBC8 /* Info.plist */,
			);
			path = "Super Cool";
			sourceTree = "<group>";
		};
		8A79092F1CB8BD5600E4CBC8 /* Super CoolTests */ = {
			isa = PBXGroup;
			children = (
				8A7909301CB8BD5600E4CBC8 /* Super_CoolTests.swift */,
				8A7909321CB8BD5600E4CBC8 /* Info.plist */,
			);
			path = "Super CoolTests";
			sourceTree = "<group>";
		};
		8A79093A1CB8BD5600E4CBC8 /* Super CoolUITests */ = {
			isa = PBXGroup;
			children = (
				8A79093B1CB8BD5600E4CBC8 /* Super_CoolUITests.swift */,
				8A79093D1CB8BD5600E4CBC8 /* Info.plist */,
			);
			path = "Super CoolUITests";
			sourceTree = "<group>";
		};
/* End PBXGroup section */

/* Begin PBXNativeTarget section */
		8A7909171CB8BD5600E4CBC8 /* Super Cool */ = {
			isa = PBXNativeTarget;
			buildConfigurationList = 8A7909401CB8BD5600E4CBC8 /* Build configuration list for PBXNativeTarget "Super Cool" */;
			buildPhases = (
				8A7909141CB8BD5600E4CBC8 /* Sources */,
				8A7909151CB8BD5600E4CBC8 /* Frameworks */,
				8A7909161CB8BD5600E4CBC8 /* Resources */,
			);
			buildRules = (
			);
			dependencies = (
			);
			name = "Super Cool";
			productName = "Super Cool";
			productReference = 8A7909181CB8BD5600E4CBC8 /* Super Cool.app */;
			productType = "com.apple.product-type.application";
		};
		8A79092B1CB8BD5600E4CBC8 /* Super CoolTests */ = {
			isa = PBXNativeTarget;
			buildConfigurationList = 8A7909431CB8BD5600E4CBC8 /* Build configuration list for PBXNativeTarget "Super CoolTests" */;
			buildPhases = (
				8A7909281CB8BD5600E4CBC8 /* Sources */,
				8A7909291CB8BD5600E4CBC8 /* Frameworks */,
				8A79092A1CB8BD5600E4CBC8 /* Resources */,
			);
			buildRules = (
			);
			dependencies = (
				8A79092E1CB8BD5600E4CBC8 /* PBXTargetDependency */,
			);
			name = "Super CoolTests";
			productName = "Super CoolTests";
			productReference = 8A79092C1CB8BD5600E4CBC8 /* Super CoolTests.xctest */;
			productType = "com.apple.product-type.bundle.unit-test";
		};
		8A7909361CB8BD5600E4CBC8 /* Super CoolUITests */ = {
			isa = PBXNativeTarget;
			buildConfigurationList = 8A7909461CB8BD5600E4CBC8 /* Build configuration list for PBXNativeTarget "Super CoolUITests" */;
			buildPhases = (
				8A7909331CB8BD5600E4CBC8 /* Sources */,
				8A7909341CB8BD5600E4CBC8 /* Frameworks */,
				8A7909351CB8BD5600E4CBC8 /* Resources */,
			);
			buildRules = (
			);
			dependencies = (
				8A7909391CB8BD5600E4CBC8 /* PBXTargetDependency */,
			);
			name = "Super CoolUITests";
			productName = "Super CoolUITests";
			productReference = 8A7909371CB8BD5600E4CBC8 /* Super CoolUITests.xctest */;
			productType = "com.apple.product-type.bundle.ui-testing";
		};
/* End PBXNativeTarget section */

/* Begin PBXProject section */
		8A7909101CB8BD5600E4CBC8 /* Project object */ = {
			isa = PBXProject;
			attributes = {
				LastSwiftUpdateCheck = 0730;
				LastUpgradeCheck = 0730;
				ORGANIZATIONNAME = "Ephraim Tinoco";
				TargetAttributes = {
					8A7909171CB8BD5600E4CBC8 = {
						CreatedOnToolsVersion = 7.3;
					};
					8A79092B1CB8BD5600E4CBC8 = {
						CreatedOnToolsVersion = 7.3;
						TestTargetID = 8A7909171CB8BD5600E4CBC8;
					};
					8A7909361CB8BD5600E4CBC8 = {
						CreatedOnToolsVersion = 7.3;
						TestTargetID = 8A7909171CB8BD5600E4CBC8;
					};
				};
			};
			buildConfigurationList = 8A7909131CB8BD5600E4CBC8 /* Build configuration list for PBXProject "Super Cool" */;
			compatibilityVersion = "Xcode 3.2";
			developmentRegion = English;
			hasScannedForEncodings = 0;
			knownRegions = (
				en,
				Base,
			);
			mainGroup = 8A79090F1CB8BD5600E4CBC8;
			productRefGroup = 8A7909191CB8BD5600E4CBC8 /* Products */;
			projectDirPath = "";
			projectRoot = "";
			targets = (
				8A7909171CB8BD5600E4CBC8 /* Super Cool */,
				8A79092B1CB8BD5600E4CBC8 /* Super CoolTests */,
				8A7909361CB8BD5600E4CBC8 /* Super CoolUITests */,
			);
		};
/* End PBXProject section */

/* Begin PBXResourcesBuildPhase section */
		8A7909161CB8BD5600E4CBC8 /* Resources */ = {
			isa = PBXResourcesBuildPhase;
			buildActionMask = 2147483647;
			files = (
				8A7909261CB8BD5600E4CBC8 /* LaunchScreen.storyboard in Resources */,
				8A7909231CB8BD5600E4CBC8 /* Assets.xcassets in Resources */,
				8A7909211CB8BD5600E4CBC8 /* Main.storyboard in Resources */,
			);
			runOnlyForDeploymentPostprocessing = 0;
		};
		8A79092A1CB8BD5600E4CBC8 /* Resources */ = {
			isa = PBXResourcesBuildPhase;
			buildActionMask = 2147483647;
			files = (
			);
			runOnlyForDeploymentPostprocessing = 0;
		};
		8A7909351CB8BD5600E4CBC8 /* Resources */ = {
			isa = PBXResourcesBuildPhase;
			buildActionMask = 2147483647;
			files = (
			);
			runOnlyForDeploymentPostprocessing = 0;
		};
/* End PBXResourcesBuildPhase section */

/* Begin PBXSourcesBuildPhase section */
		8A7909141CB8BD5600E4CBC8 /* Sources */ = {
			isa = PBXSourcesBuildPhase;
			buildActionMask = 2147483647;
			files = (
				8A79091E1CB8BD5600E4CBC8 /* ViewController.swift in Sources */,
				8A79091C1CB8BD5600E4CBC8 /* AppDelegate.swift in Sources */,
			);
			runOnlyForDeploymentPostprocessing = 0;
		};
		8A7909281CB8BD5600E4CBC8 /* Sources */ = {
			isa = PBXSourcesBuildPhase;
			buildActionMask = 2147483647;
			files = (
				8A7909311CB8BD5600E4CBC8 /* Super_CoolTests.swift in Sources */,
			);
			runOnlyForDeploymentPostprocessing = 0;
		};
		8A7909331CB8BD5600E4CBC8 /* Sources */ = {
			isa = PBXSourcesBuildPhase;
			buildActionMask = 2147483647;
			files = (
				8A79093C1CB8BD5600E4CBC8 /* Super_CoolUITests.swift in Sources */,
			);
			runOnlyForDeploymentPostprocessing = 0;
		};
/* End PBXSourcesBuildPhase section */

/* Begin PBXTargetDependency section */
		8A79092E1CB8BD5600E4CBC8 /* PBXTargetDependency */ = {
			isa = PBXTargetDependency;
			target = 8A7909171CB8BD5600E4CBC8 /* Super Cool */;
			targetProxy = 8A79092D1CB8BD5600E4CBC8 /* PBXContainerItemProxy */;
		};
		8A7909391CB8BD5600E4CBC8 /* PBXTargetDependency */ = {
			isa = PBXTargetDependency;
			target = 8A7909171CB8BD5600E4CBC8 /* Super Cool */;
			targetProxy = 8A7909381CB8BD5600E4CBC8 /* PBXContainerItemProxy */;
		};
/* End PBXTargetDependency section */

/* Begin PBXVariantGroup section */
		8A79091F1CB8BD5600E4CBC8 /* Main.storyboard */ = {
			isa = PBXVariantGroup;
			children = (
				8A7909201CB8BD5600E4CBC8 /* Base */,
			);
			name = Main.storyboard;
			sourceTree = "<group>";
		};
		8A7909241CB8BD5600E4CBC8 /* LaunchScreen.storyboard */ = {
			isa = PBXVariantGroup;
			children = (
				8A7909251CB8BD5600E4CBC8 /* Base */,
			);
			name = LaunchScreen.storyboard;
			sourceTree = "<group>";
		};
/* End PBXVariantGroup section */

/* Begin XCBuildConfiguration section */
		8A79093E1CB8BD5600E4CBC8 /* Debug */ = {
			isa = XCBuildConfiguration;
			buildSettings = {
				ALWAYS_SEARCH_USER_PATHS = NO;
				CLANG_ANALYZER_NONNULL = YES;
				CLANG_CXX_LANGUAGE_STANDARD = "gnu++0x";
				CLANG_CXX_LIBRARY = "libc++";
				CLANG_ENABLE_MODULES = YES;
				CLANG_ENABLE_OBJC_ARC = YES;
				CLANG_WARN_BOOL_CONVERSION = YES;
				CLANG_WARN_CONSTANT_CONVERSION = YES;
				CLANG_WARN_DIRECT_OBJC_ISA_USAGE = YES_ERROR;
				CLANG_WARN_EMPTY_BODY = YES;
				CLANG_WARN_ENUM_CONVERSION = YES;
				CLANG_WARN_INT_CONVERSION = YES;
				CLANG_WARN_OBJC_ROOT_CLASS = YES_ERROR;
				CLANG_WARN_UNREACHABLE_CODE = YES;
				CLANG_WARN__DUPLICATE_METHOD_MATCH = YES;
				"CODE_SIGN_IDENTITY[sdk=iphoneos*]" = "iPhone Developer";
				COPY_PHASE_STRIP = NO;
				DEBUG_INFORMATION_FORMAT = dwarf;
				ENABLE_STRICT_OBJC_MSGSEND = YES;
				ENABLE_TESTABILITY = YES;
				GCC_C_LANGUAGE_STANDARD = gnu99;
				GCC_DYNAMIC_NO_PIC = NO;
				GCC_NO_COMMON_BLOCKS = YES;
				GCC_OPTIMIZATION_LEVEL = 0;
				GCC_PREPROCESSOR_DEFINITIONS = (
					"DEBUG=1",
					"$(inherited)",
				);
				GCC_WARN_64_TO_32_BIT_CONVERSION = YES;
				GCC_WARN_ABOUT_RETURN_TYPE = YES_ERROR;
				GCC_WARN_UNDECLARED_SELECTOR = YES;
				GCC_WARN_UNINITIALIZED_AUTOS = YES_AGGRESSIVE;
				GCC_WARN_UNUSED_FUNCTION = YES;
				GCC_WARN_UNUSED_VARIABLE = YES;
				IPHONEOS_DEPLOYMENT_TARGET = 9.3;
				MTL_ENABLE_DEBUG_INFO = YES;
				ONLY_ACTIVE_ARCH = YES;
				SDKROOT = iphoneos;
				SWIFT_OPTIMIZATION_LEVEL = "-Onone";
			};
			name = Debug;
		};
		8A79093F1CB8BD5600E4CBC8 /* Release */ = {
			isa = XCBuildConfiguration;
			buildSettings = {
				ALWAYS_SEARCH_USER_PATHS = NO;
				CLANG_ANALYZER_NONNULL = YES;
				CLANG_CXX_LANGUAGE_STANDARD = "gnu++0x";
				CLANG_CXX_LIBRARY = "libc++";
				CLANG_ENABLE_MODULES = YES;
				CLANG_ENABLE_OBJC_ARC = YES;
				CLANG_WARN_BOOL_CONVERSION = YES;
				CLANG_WARN_CONSTANT_CONVERSION = YES;
				CLANG_WARN_DIRECT_OBJC_ISA_USAGE = YES_ERROR;
				CLANG_WARN_EMPTY_BODY = YES;
				CLANG_WARN_ENUM_CONVERSION = YES;
				CLANG_WARN_INT_CONVERSION = YES;
				CLANG_WARN_OBJC_ROOT_CLASS = YES_ERROR;
				CLANG_WARN_UNREACHABLE_CODE = YES;
				CLANG_WARN__DUPLICATE_METHOD_MATCH = YES;
				"CODE_SIGN_IDENTITY[sdk=iphoneos*]" = "iPhone Developer";
				COPY_PHASE_STRIP = NO;
				DEBUG_INFORMATION_FORMAT = "dwarf-with-dsym";
				ENABLE_NS_ASSERTIONS = NO;
				ENABLE_STRICT_OBJC_MSGSEND = YES;
				GCC_C_LANGUAGE_STANDARD = gnu99;
				GCC_NO_COMMON_BLOCKS = YES;
				GCC_WARN_64_TO_32_BIT_CONVERSION = YES;
				GCC_WARN_ABOUT_RETURN_TYPE = YES_ERROR;
				GCC_WARN_UNDECLARED_SELECTOR = YES;
				GCC_WARN_UNINITIALIZED_AUTOS = YES_AGGRESSIVE;
				GCC_WARN_UNUSED_FUNCTION = YES;
				GCC_WARN_UNUSED_VARIABLE = YES;
				IPHONEOS_DEPLOYMENT_TARGET = 9.3;
				MTL_ENABLE_DEBUG_INFO = NO;
				SDKROOT = iphoneos;
				VALIDATE_PRODUCT = YES;
			};
			name = Release;
		};
		8A7909411CB8BD5600E4CBC8 /* Debug */ = {
			isa = XCBuildConfiguration;
			buildSettings = {
				ASSETCATALOG_COMPILER_APPICON_NAME = AppIcon;
				INFOPLIST_FILE = "Super Cool/Info.plist";
				LD_RUNPATH_SEARCH_PATHS = "$(inherited) @executable_path/Frameworks";
				PRODUCT_BUNDLE_IDENTIFIER = "com.igwildfire.Super-Cool";
				PRODUCT_NAME = "$(TARGET_NAME)";
			};
			name = Debug;
		};
		8A7909421CB8BD5600E4CBC8 /* Release */ = {
			isa = XCBuildConfiguration;
			buildSettings = {
				ASSETCATALOG_COMPILER_APPICON_NAME = AppIcon;
				INFOPLIST_FILE = "Super Cool/Info.plist";
				LD_RUNPATH_SEARCH_PATHS = "$(inherited) @executable_path/Frameworks";
				PRODUCT_BUNDLE_IDENTIFIER = "com.igwildfire.Super-Cool";
				PRODUCT_NAME = "$(TARGET_NAME)";
			};
			name = Release;
		};
		8A7909441CB8BD5600E4CBC8 /* Debug */ = {
			isa = XCBuildConfiguration;
			buildSettings = {
				BUNDLE_LOADER = "$(TEST_HOST)";
				INFOPLIST_FILE = "Super CoolTests/Info.plist";
				LD_RUNPATH_SEARCH_PATHS = "$(inherited) @executable_path/Frameworks @loader_path/Frameworks";
				PRODUCT_BUNDLE_IDENTIFIER = "com.igwildfire.Super-CoolTests";
				PRODUCT_NAME = "$(TARGET_NAME)";
				TEST_HOST = "$(BUILT_PRODUCTS_DIR)/Super Cool.app/Super Cool";
			};
			name = Debug;
		};
		8A7909451CB8BD5600E4CBC8 /* Release */ = {
			isa = XCBuildConfiguration;
			buildSettings = {
				BUNDLE_LOADER = "$(TEST_HOST)";
				INFOPLIST_FILE = "Super CoolTests/Info.plist";
				LD_RUNPATH_SEARCH_PATHS = "$(inherited) @executable_path/Frameworks @loader_path/Frameworks";
				PRODUCT_BUNDLE_IDENTIFIER = "com.igwildfire.Super-CoolTests";
				PRODUCT_NAME = "$(TARGET_NAME)";
				TEST_HOST = "$(BUILT_PRODUCTS_DIR)/Super Cool.app/Super Cool";
			};
			name = Release;
		};
		8A7909471CB8BD5600E4CBC8 /* Debug */ = {
			isa = XCBuildConfiguration;
			buildSettings = {
				INFOPLIST_FILE = "Super CoolUITests/Info.plist";
				LD_RUNPATH_SEARCH_PATHS = "$(inherited) @executable_path/Frameworks @loader_path/Frameworks";
				PRODUCT_BUNDLE_IDENTIFIER = "com.igwildfire.Super-CoolUITests";
				PRODUCT_NAME = "$(TARGET_NAME)";
				TEST_TARGET_NAME = "Super Cool";
			};
			name = Debug;
		};
		8A7909481CB8BD5600E4CBC8 /* Release */ = {
			isa = XCBuildConfiguration;
			buildSettings = {
				INFOPLIST_FILE = "Super CoolUITests/Info.plist";
				LD_RUNPATH_SEARCH_PATHS = "$(inherited) @executable_path/Frameworks @loader_path/Frameworks";
				PRODUCT_BUNDLE_IDENTIFIER = "com.igwildfire.Super-CoolUITests";
				PRODUCT_NAME = "$(TARGET_NAME)";
				TEST_TARGET_NAME = "Super Cool";
			};
			name = Release;
		};
/* End XCBuildConfiguration section */

/* Begin XCConfigurationList section */
		8A7909131CB8BD5600E4CBC8 /* Build configuration list for PBXProject "Super Cool" */ = {
			isa = XCConfigurationList;
			buildConfigurations = (
				8A79093E1CB8BD5600E4CBC8 /* Debug */,
				8A79093F1CB8BD5600E4CBC8 /* Release */,
			);
			defaultConfigurationIsVisible = 0;
			defaultConfigurationName = Release;
		};
		8A7909401CB8BD5600E4CBC8 /* Build configuration list for PBXNativeTarget "Super Cool" */ = {
			isa = XCConfigurationList;
			buildConfigurations = (
				8A7909411CB8BD5600E4CBC8 /* Debug */,
				8A7909421CB8BD5600E4CBC8 /* Release */,
			);
			defaultConfigurationIsVisible = 0;
		};
		8A7909431CB8BD5600E4CBC8 /* Build configuration list for PBXNativeTarget "Super CoolTests" */ = {
			isa = XCConfigurationList;
			buildConfigurations = (
				8A7909441CB8BD5600E4CBC8 /* Debug */,
				8A7909451CB8BD5600E4CBC8 /* Release */,
			);
			defaultConfigurationIsVisible = 0;
		};
		8A7909461CB8BD5600E4CBC8 /* Build configuration list for PBXNativeTarget "Super CoolUITests" */ = {
			isa = XCConfigurationList;
			buildConfigurations = (
				8A7909471CB8BD5600E4CBC8 /* Debug */,
				8A7909481CB8BD5600E4CBC8 /* Release */,
			);
			defaultConfigurationIsVisible = 0;
		};
/* End XCConfigurationList section */
	};
	rootObject = 8A7909101CB8BD5600E4CBC8 /* Project object */;
}
